
Microsoft Visual Studio Solution File, Format Version 12.00
# Visual Studio 15
VisualStudioVersion = 15.0.27130.2027
MinimumVisualStudioVersion = 10.0.40219.1
Project("{FAE04EC0-301F-11D3-BF4B-00C04F79EFBC}") = "CoinPayment", "CoinPayment\CoinPayment.csproj", "{F843D1FF-8C0C-4DD0-9FF1-600ECF4F5953}"
EndProject
Global
	GlobalSection(SolutionConfigurationPlatforms) = preSolution
		Debug|Any CPU = Debug|Any CPU
		Release|Any CPU = Release|Any CPU
	EndGlobalSection
	GlobalSection(ProjectConfigurationPlatforms) = postSolution
		{F843D1FF-8C0C-4DD0-9FF1-600ECF4F5953}.Debug|Any CPU.ActiveCfg = Debug|Any CPU
		{F843D1FF-8C0C-4DD0-9FF1-600ECF4F5953}.Debug|Any CPU.Build.0 = Debug|Any CPU
		{F843D1FF-8C0C-4DD0-9FF1-600ECF4F5953}.Release|Any CPU.ActiveCfg = Release|Any CPU
		{F843D1FF-8C0C-4DD0-9FF1-600ECF4F5953}.Release|Any CPU.Build.0 = Release|Any CPU
	EndGlobalSection
	GlobalSection(SolutionProperties) = preSolution
		HideSolutionNode = FALSE
	EndGlobalSection
	GlobalSection(ExtensibilityGlobals) = postSolution
		SolutionGuid = {8B47A240-AF4F-4378-915D-FDA0AF815E54}
	EndGlobalSection
EndGlobal
